
Microsoft Visual Studio Solution File, Format Version 12.00
# Visual Studio Version 17
VisualStudioVersion = 17.10.35013.160
MinimumVisualStudioVersion = 10.0.40219.1
Project("{FAE04EC0-301F-11D3-BF4B-00C04F79EFBC}") = "KinoPoisk", "KinoPoisk\KinoPoisk.csproj", "{323DDFD2-2B28-400C-9264-68D00004A9DB}"
EndProject
Project("{FAE04EC0-301F-11D3-BF4B-00C04F79EFBC}") = "API", "WebApplication1\API.csproj", "{90489750-6C37-43AB-834C-B64300AD9FF3}"
EndProject
Project("{FAE04EC0-301F-11D3-BF4B-00C04F79EFBC}") = "DAL", "DAL\DAL.csproj", "{DF819E46-CFFD-498F-9033-F16BA739CF2A}"
EndProject
Global
	GlobalSection(SolutionConfigurationPlatforms) = preSolution
		Debug|Any CPU = Debug|Any CPU
		Release|Any CPU = Release|Any CPU
	EndGlobalSection
	GlobalSection(ProjectConfigurationPlatforms) = postSolution
		{323DDFD2-2B28-400C-9264-68D00004A9DB}.Debug|Any CPU.ActiveCfg = Debug|Any CPU
		{323DDFD2-2B28-400C-9264-68D00004A9DB}.Debug|Any CPU.Build.0 = Debug|Any CPU
		{323DDFD2-2B28-400C-9264-68D00004A9DB}.Release|Any CPU.ActiveCfg = Release|Any CPU
		{323DDFD2-2B28-400C-9264-68D00004A9DB}.Release|Any CPU.Build.0 = Release|Any CPU
		{90489750-6C37-43AB-834C-B64300AD9FF3}.Debug|Any CPU.ActiveCfg = Debug|Any CPU
		{90489750-6C37-43AB-834C-B64300AD9FF3}.Debug|Any CPU.Build.0 = Debug|Any CPU
		{90489750-6C37-43AB-834C-B64300AD9FF3}.Release|Any CPU.ActiveCfg = Release|Any CPU
		{90489750-6C37-43AB-834C-B64300AD9FF3}.Release|Any CPU.Build.0 = Release|Any CPU
		{DF819E46-CFFD-498F-9033-F16BA739CF2A}.Debug|Any CPU.ActiveCfg = Debug|Any CPU
		{DF819E46-CFFD-498F-9033-F16BA739CF2A}.Debug|Any CPU.Build.0 = Debug|Any CPU
		{DF819E46-CFFD-498F-9033-F16BA739CF2A}.Release|Any CPU.ActiveCfg = Release|Any CPU
		{DF819E46-CFFD-498F-9033-F16BA739CF2A}.Release|Any CPU.Build.0 = Release|Any CPU
	EndGlobalSection
	GlobalSection(SolutionProperties) = preSolution
		HideSolutionNode = FALSE
	EndGlobalSection
	GlobalSection(ExtensibilityGlobals) = postSolution
		SolutionGuid = {6D5CF50D-3DEC-4113-9B02-2F7B7253DEEB}
	EndGlobalSection
EndGlobal
